
Microsoft Visual Studio Solution File, Format Version 12.00
# Visual Studio Version 17
VisualStudioVersion = 17.3.32804.467
MinimumVisualStudioVersion = 10.0.40219.1
Project("{F184B08F-C81C-45F6-A57F-5ABD9991F28F}") = "Final Project Master - Simon", "Final Project Master - Simon\Final Project Master - Simon.vbproj", "{7A04F946-C145-4251-BA07-72E0D8AE382A}"
EndProject
Global
	GlobalSection(SolutionConfigurationPlatforms) = preSolution
		Debug|Any CPU = Debug|Any CPU
		Release|Any CPU = Release|Any CPU
	EndGlobalSection
	GlobalSection(ProjectConfigurationPlatforms) = postSolution
		{7A04F946-C145-4251-BA07-72E0D8AE382A}.Debug|Any CPU.ActiveCfg = Debug|Any CPU
		{7A04F946-C145-4251-BA07-72E0D8AE382A}.Debug|Any CPU.Build.0 = Debug|Any CPU
		{7A04F946-C145-4251-BA07-72E0D8AE382A}.Release|Any CPU.ActiveCfg = Release|Any CPU
		{7A04F946-C145-4251-BA07-72E0D8AE382A}.Release|Any CPU.Build.0 = Release|Any CPU
	EndGlobalSection
	GlobalSection(SolutionProperties) = preSolution
		HideSolutionNode = FALSE
	EndGlobalSection
	GlobalSection(ExtensibilityGlobals) = postSolution
		SolutionGuid = {7F8E7296-05AA-4AAC-ABDB-F9A3C66FD973}
	EndGlobalSection
EndGlobal
